
Microsoft Visual Studio Solution File, Format Version 12.00
# Visual Studio Version 17
VisualStudioVersion = 17.6.33417.168
MinimumVisualStudioVersion = 10.0.40219.1
Project("{9A19103F-16F7-4668-BE54-9A1E7A4F7556}") = "WebTest", "WebTest\WebTest.csproj", "{EF237830-C6E1-4589-BF79-47595E129884}"
EndProject
Project("{FAE04EC0-301F-11D3-BF4B-00C04F79EFBC}") = "BAP.Snake", "BAP.Snake\BAP.Snake.csproj", "{152C6BB5-0ECD-440B-AED8-5AF9AF79376B}"
EndProject
Global
	GlobalSection(SolutionConfigurationPlatforms) = preSolution
		Debug|Any CPU = Debug|Any CPU
		Release|Any CPU = Release|Any CPU
	EndGlobalSection
	GlobalSection(ProjectConfigurationPlatforms) = postSolution
		{EF237830-C6E1-4589-BF79-47595E129884}.Debug|Any CPU.ActiveCfg = Debug|Any CPU
		{EF237830-C6E1-4589-BF79-47595E129884}.Debug|Any CPU.Build.0 = Debug|Any CPU
		{EF237830-C6E1-4589-BF79-47595E129884}.Release|Any CPU.ActiveCfg = Release|Any CPU
		{EF237830-C6E1-4589-BF79-47595E129884}.Release|Any CPU.Build.0 = Release|Any CPU
		{152C6BB5-0ECD-440B-AED8-5AF9AF79376B}.Debug|Any CPU.ActiveCfg = Debug|Any CPU
		{152C6BB5-0ECD-440B-AED8-5AF9AF79376B}.Debug|Any CPU.Build.0 = Debug|Any CPU
		{152C6BB5-0ECD-440B-AED8-5AF9AF79376B}.Release|Any CPU.ActiveCfg = Release|Any CPU
		{152C6BB5-0ECD-440B-AED8-5AF9AF79376B}.Release|Any CPU.Build.0 = Release|Any CPU
	EndGlobalSection
	GlobalSection(SolutionProperties) = preSolution
		HideSolutionNode = FALSE
	EndGlobalSection
	GlobalSection(ExtensibilityGlobals) = postSolution
		SolutionGuid = {7B308F16-4382-48DE-8F7B-15CA18E4D27F}
	EndGlobalSection
EndGlobal
